
Microsoft Visual Studio Solution File, Format Version 12.00
# Visual Studio Version 16
VisualStudioVersion = 16.0.31321.278
MinimumVisualStudioVersion = 10.0.40219.1
Project("{9A19103F-16F7-4668-BE54-9A1E7A4F7556}") = "Catalog.API", "Catalog.API\Catalog.API.csproj", "{FD7A60C8-7C6E-41C6-83B2-0BBBB3A85BFD}"
EndProject
Project("{E53339B2-1760-4266-BCC7-CA923CBCF16C}") = "docker-compose", "docker-compose.dcproj", "{F2F2D495-7CE3-424A-9AE1-EF6B6A63CF2E}"
EndProject
Global
	GlobalSection(SolutionConfigurationPlatforms) = preSolution
		Debug|Any CPU = Debug|Any CPU
		Release|Any CPU = Release|Any CPU
	EndGlobalSection
	GlobalSection(ProjectConfigurationPlatforms) = postSolution
		{FD7A60C8-7C6E-41C6-83B2-0BBBB3A85BFD}.Debug|Any CPU.ActiveCfg = Debug|Any CPU
		{FD7A60C8-7C6E-41C6-83B2-0BBBB3A85BFD}.Debug|Any CPU.Build.0 = Debug|Any CPU
		{FD7A60C8-7C6E-41C6-83B2-0BBBB3A85BFD}.Release|Any CPU.ActiveCfg = Release|Any CPU
		{FD7A60C8-7C6E-41C6-83B2-0BBBB3A85BFD}.Release|Any CPU.Build.0 = Release|Any CPU
		{F2F2D495-7CE3-424A-9AE1-EF6B6A63CF2E}.Debug|Any CPU.ActiveCfg = Debug|Any CPU
		{F2F2D495-7CE3-424A-9AE1-EF6B6A63CF2E}.Debug|Any CPU.Build.0 = Debug|Any CPU
		{F2F2D495-7CE3-424A-9AE1-EF6B6A63CF2E}.Release|Any CPU.ActiveCfg = Release|Any CPU
		{F2F2D495-7CE3-424A-9AE1-EF6B6A63CF2E}.Release|Any CPU.Build.0 = Release|Any CPU
	EndGlobalSection
	GlobalSection(SolutionProperties) = preSolution
		HideSolutionNode = FALSE
	EndGlobalSection
	GlobalSection(ExtensibilityGlobals) = postSolution
		SolutionGuid = {FA589A2E-26F1-4BE4-9D89-4304B1747BBD}
	EndGlobalSection
EndGlobal
